# This file is automatically @generated by Cargo.
# It is not intended for manual editing.
version = 3

[[package]]
name = "day_01_1"
version = "0.1.0"

[[package]]
name = "day_02_rock_paper_scissors"
version = "0.1.0"

[[package]]
name = "day_03_rucksack_reorganization"
version = "0.1.0"

[[package]]
name = "day_04_camp_cleanup"
version = "0.1.0"

[[package]]
name = "day_05_supply_stacks"
version = "0.1.0"

[[package]]
name = "day_06_tuning_trouble"
version = "0.1.0"

[[package]]
name = "day_07_no_space_left"
version = "0.1.0"

[[package]]
name = "day_08_treetop"
version = "0.1.0"

[[package]]
name = "day_09_rope_bridge"
version = "0.1.0"

[[package]]
name = "day_10_cathode_ray_tube"
version = "0.1.0"

[[package]]
name = "day_11_monkey_in_the_middle"
version = "0.1.0"

[[package]]
name = "day_12_hill_climbing"
version = "0.1.0"
